
Microsoft Visual Studio Solution File, Format Version 12.00
# Visual Studio 15
VisualStudioVersion = 15.0.27004.2005
MinimumVisualStudioVersion = 10.0.40219.1
Project("{FAE04EC0-301F-11D3-BF4B-00C04F79EFBC}") = "CakeGUI", "CakeGUI\CakeGUI.csproj", "{D744EC9E-E234-4B08-89BF-6AA0D54ADB55}"
EndProject
Global
	GlobalSection(SolutionConfigurationPlatforms) = preSolution
		Debug|Any CPU = Debug|Any CPU
		Release|Any CPU = Release|Any CPU
	EndGlobalSection
	GlobalSection(ProjectConfigurationPlatforms) = postSolution
		{D744EC9E-E234-4B08-89BF-6AA0D54ADB55}.Debug|Any CPU.ActiveCfg = Debug|Any CPU
		{D744EC9E-E234-4B08-89BF-6AA0D54ADB55}.Debug|Any CPU.Build.0 = Debug|Any CPU
		{D744EC9E-E234-4B08-89BF-6AA0D54ADB55}.Release|Any CPU.ActiveCfg = Release|Any CPU
		{D744EC9E-E234-4B08-89BF-6AA0D54ADB55}.Release|Any CPU.Build.0 = Release|Any CPU
	EndGlobalSection
	GlobalSection(SolutionProperties) = preSolution
		HideSolutionNode = FALSE
	EndGlobalSection
	GlobalSection(ExtensibilityGlobals) = postSolution
		SolutionGuid = {6055BF32-D957-4108-95FD-5EF3F90AA37E}
	EndGlobalSection
EndGlobal
